{
  "version": 4,
  "terraform_version": "1.5.7",
  "serial": 17,
  "lineage": "f7f531ba-0940-bcb6-a995-8ad3f86e991d",
  "outputs": {
    "vmweb_public_ip_fqdn": {
      "value": "djdgsk.southeastasia.cloudapp.azure.com",
      "type": "string"
    }
  },
  "resources": [
    {
      "mode": "managed",
      "type": "azurerm_lb",
      "name": "vmweb",
      "provider": "provider[\"registry.terraform.io/hashicorp/azurerm\"]",
      "instances": [
        {
          "schema_version": 0,
          "attributes": {
            "edge_zone": "",
            "frontend_ip_configuration": [
              {
                "gateway_load_balancer_frontend_ip_configuration_id": "",
                "id": "/subscriptions/fae55954-9781-45c3-bef9-cab565149f12/resourceGroups/vmweb-rg/providers/Microsoft.Network/loadBalancers/vmweb-lb/frontendIPConfigurations/PublicIPAddress",
                "inbound_nat_rules": [],
                "load_balancer_rules": [
                  "/subscriptions/fae55954-9781-45c3-bef9-cab565149f12/resourceGroups/vmweb-rg/providers/Microsoft.Network/loadBalancers/vmweb-lb/loadBalancingRules/http"
                ],
                "name": "PublicIPAddress",
                "outbound_rules": [],
                "private_ip_address": "",
                "private_ip_address_allocation": "Dynamic",
                "private_ip_address_version": "",
                "public_ip_address_id": "/subscriptions/fae55954-9781-45c3-bef9-cab565149f12/resourceGroups/vmweb-rg/providers/Microsoft.Network/publicIPAddresses/vmweb-public-ip",
                "public_ip_prefix_id": "",
                "subnet_id": "",
                "zones": []
              }
            ],
            "id": "/subscriptions/fae55954-9781-45c3-bef9-cab565149f12/resourceGroups/vmweb-rg/providers/Microsoft.Network/loadBalancers/vmweb-lb",
            "location": "southeastasia",
            "name": "vmweb-lb",
            "private_ip_address": "",
            "private_ip_addresses": [],
            "resource_group_name": "vmweb-rg",
            "sku": "Standard",
            "sku_tier": "Regional",
            "tags": {
              "environment": "dev"
            },
            "timeouts": null
          },
          "sensitive_attributes": [],
          "private": "eyJlMmJmYjczMC1lY2FhLTExZTYtOGY4OC0zNDM2M2JjN2M0YzAiOnsiY3JlYXRlIjoxODAwMDAwMDAwMDAwLCJkZWxldGUiOjE4MDAwMDAwMDAwMDAsInJlYWQiOjMwMDAwMDAwMDAwMCwidXBkYXRlIjoxODAwMDAwMDAwMDAwfX0=",
          "dependencies": [
            "azurerm_public_ip.vmweb",
            "azurerm_resource_group.vmweb",
            "random_string.fqdn"
          ]
        }
      ]
    },
    {
      "mode": "managed",
      "type": "azurerm_lb_backend_address_pool",
      "name": "bpepool",
      "provider": "provider[\"registry.terraform.io/hashicorp/azurerm\"]",
      "instances": [
        {
          "schema_version": 0,
          "attributes": {
            "backend_ip_configurations": [
              "/subscriptions/fae55954-9781-45c3-bef9-cab565149f12/resourceGroups/vmweb-rg/providers/Microsoft.Compute/virtualMachineScaleSets/vmweb-vmss/virtualMachines/1/networkInterfaces/terraformnetworkprofile/ipConfigurations/IPConfiguration"
            ],
            "id": "/subscriptions/fae55954-9781-45c3-bef9-cab565149f12/resourceGroups/vmweb-rg/providers/Microsoft.Network/loadBalancers/vmweb-lb/backendAddressPools/web-backend-pool",
            "inbound_nat_rules": [],
            "load_balancing_rules": [
              "/subscriptions/fae55954-9781-45c3-bef9-cab565149f12/resourceGroups/vmweb-rg/providers/Microsoft.Network/loadBalancers/vmweb-lb/loadBalancingRules/http"
            ],
            "loadbalancer_id": "/subscriptions/fae55954-9781-45c3-bef9-cab565149f12/resourceGroups/vmweb-rg/providers/Microsoft.Network/loadBalancers/vmweb-lb",
            "name": "web-backend-pool",
            "outbound_rules": [],
            "timeouts": null,
            "tunnel_interface": [],
            "virtual_network_id": ""
          },
          "sensitive_attributes": [],
          "private": "eyJlMmJmYjczMC1lY2FhLTExZTYtOGY4OC0zNDM2M2JjN2M0YzAiOnsiY3JlYXRlIjoxODAwMDAwMDAwMDAwLCJkZWxldGUiOjE4MDAwMDAwMDAwMDAsInJlYWQiOjMwMDAwMDAwMDAwMCwidXBkYXRlIjoxODAwMDAwMDAwMDAwfX0=",
          "dependencies": [
            "azurerm_lb.vmweb",
            "azurerm_public_ip.vmweb",
            "azurerm_resource_group.vmweb",
            "random_string.fqdn"
          ]
        }
      ]
    },
    {
      "mode": "managed",
      "type": "azurerm_lb_probe",
      "name": "vmweb",
      "provider": "provider[\"registry.terraform.io/hashicorp/azurerm\"]",
      "instances": [
        {
          "schema_version": 0,
          "attributes": {
            "id": "/subscriptions/fae55954-9781-45c3-bef9-cab565149f12/resourceGroups/vmweb-rg/providers/Microsoft.Network/loadBalancers/vmweb-lb/probes/ssh-running-probe",
            "interval_in_seconds": 15,
            "load_balancer_rules": [
              "/subscriptions/fae55954-9781-45c3-bef9-cab565149f12/resourceGroups/vmweb-rg/providers/Microsoft.Network/loadBalancers/vmweb-lb/loadBalancingRules/http"
            ],
            "loadbalancer_id": "/subscriptions/fae55954-9781-45c3-bef9-cab565149f12/resourceGroups/vmweb-rg/providers/Microsoft.Network/loadBalancers/vmweb-lb",
            "name": "ssh-running-probe",
            "number_of_probes": 2,
            "port": 80,
            "probe_threshold": 1,
            "protocol": "Tcp",
            "request_path": "",
            "timeouts": null
          },
          "sensitive_attributes": [],
          "private": "eyJlMmJmYjczMC1lY2FhLTExZTYtOGY4OC0zNDM2M2JjN2M0YzAiOnsiY3JlYXRlIjoxODAwMDAwMDAwMDAwLCJkZWxldGUiOjE4MDAwMDAwMDAwMDAsInJlYWQiOjMwMDAwMDAwMDAwMCwidXBkYXRlIjoxODAwMDAwMDAwMDAwfX0=",
          "dependencies": [
            "azurerm_lb.vmweb"
          ]
        }
      ]
    },
    {
      "mode": "managed",
      "type": "azurerm_lb_rule",
      "name": "lbrule",
      "provider": "provider[\"registry.terraform.io/hashicorp/azurerm\"]",
      "instances": [
        {
          "schema_version": 0,
          "attributes": {
            "backend_address_pool_ids": [
              "/subscriptions/fae55954-9781-45c3-bef9-cab565149f12/resourceGroups/vmweb-rg/providers/Microsoft.Network/loadBalancers/vmweb-lb/backendAddressPools/web-backend-pool"
            ],
            "backend_port": 8080,
            "disable_outbound_snat": false,
            "enable_floating_ip": false,
            "enable_tcp_reset": false,
            "frontend_ip_configuration_id": "/subscriptions/fae55954-9781-45c3-bef9-cab565149f12/resourceGroups/vmweb-rg/providers/Microsoft.Network/loadBalancers/vmweb-lb/frontendIPConfigurations/PublicIPAddress",
            "frontend_ip_configuration_name": "PublicIPAddress",
            "frontend_port": 8080,
            "id": "/subscriptions/fae55954-9781-45c3-bef9-cab565149f12/resourceGroups/vmweb-rg/providers/Microsoft.Network/loadBalancers/vmweb-lb/loadBalancingRules/http",
            "idle_timeout_in_minutes": 4,
            "load_distribution": "Default",
            "loadbalancer_id": "/subscriptions/fae55954-9781-45c3-bef9-cab565149f12/resourceGroups/vmweb-rg/providers/Microsoft.Network/loadBalancers/vmweb-lb",
            "name": "http",
            "probe_id": "/subscriptions/fae55954-9781-45c3-bef9-cab565149f12/resourceGroups/vmweb-rg/providers/Microsoft.Network/loadBalancers/vmweb-lb/probes/ssh-running-probe",
            "protocol": "Tcp",
            "timeouts": null
          },
          "sensitive_attributes": [],
          "private": "eyJlMmJmYjczMC1lY2FhLTExZTYtOGY4OC0zNDM2M2JjN2M0YzAiOnsiY3JlYXRlIjoxODAwMDAwMDAwMDAwLCJkZWxldGUiOjE4MDAwMDAwMDAwMDAsInJlYWQiOjMwMDAwMDAwMDAwMCwidXBkYXRlIjoxODAwMDAwMDAwMDAwfX0=",
          "dependencies": [
            "azurerm_lb.vmweb",
            "azurerm_lb_backend_address_pool.bpepool",
            "azurerm_lb_probe.vmweb"
          ]
        }
      ]
    },
    {
      "mode": "managed",
      "type": "azurerm_network_security_group",
      "name": "vmweb",
      "provider": "provider[\"registry.terraform.io/hashicorp/azurerm\"]",
      "instances": [
        {
          "schema_version": 0,
          "attributes": {
            "id": "/subscriptions/fae55954-9781-45c3-bef9-cab565149f12/resourceGroups/vmweb-rg/providers/Microsoft.Network/networkSecurityGroups/vmweb-nsg",
            "location": "southeastasia",
            "name": "vmweb-nsg",
            "resource_group_name": "vmweb-rg",
            "security_rule": [
              {
                "access": "Allow",
                "description": "",
                "destination_address_prefix": "*",
                "destination_address_prefixes": [],
                "destination_application_security_group_ids": [],
                "destination_port_range": "",
                "destination_port_ranges": [
                  "443",
                  "80",
                  "8080"
                ],
                "direction": "Inbound",
                "name": "web-http-rule",
                "priority": 100,
                "protocol": "Tcp",
                "source_address_prefix": "*",
                "source_address_prefixes": [],
                "source_application_security_group_ids": [],
                "source_port_range": "*",
                "source_port_ranges": []
              }
            ],
            "tags": {},
            "timeouts": null
          },
          "sensitive_attributes": [],
          "private": "eyJlMmJmYjczMC1lY2FhLTExZTYtOGY4OC0zNDM2M2JjN2M0YzAiOnsiY3JlYXRlIjoxODAwMDAwMDAwMDAwLCJkZWxldGUiOjE4MDAwMDAwMDAwMDAsInJlYWQiOjMwMDAwMDAwMDAwMCwidXBkYXRlIjoxODAwMDAwMDAwMDAwfX0=",
          "dependencies": [
            "azurerm_resource_group.vmweb"
          ]
        }
      ]
    },
    {
      "mode": "managed",
      "type": "azurerm_network_security_rule",
      "name": "web-in",
      "provider": "provider[\"registry.terraform.io/hashicorp/azurerm\"]",
      "instances": [
        {
          "schema_version": 0,
          "attributes": {
            "access": "Allow",
            "description": "",
            "destination_address_prefix": "*",
            "destination_address_prefixes": [],
            "destination_application_security_group_ids": [],
            "destination_port_range": "",
            "destination_port_ranges": [
              "443",
              "80",
              "8080"
            ],
            "direction": "Inbound",
            "id": "/subscriptions/fae55954-9781-45c3-bef9-cab565149f12/resourceGroups/vmweb-rg/providers/Microsoft.Network/networkSecurityGroups/vmweb-nsg/securityRules/web-http-rule",
            "name": "web-http-rule",
            "network_security_group_name": "vmweb-nsg",
            "priority": 100,
            "protocol": "Tcp",
            "resource_group_name": "vmweb-rg",
            "source_address_prefix": "*",
            "source_address_prefixes": [],
            "source_application_security_group_ids": [],
            "source_port_range": "*",
            "source_port_ranges": [],
            "timeouts": null
          },
          "sensitive_attributes": [],
          "private": "eyJlMmJmYjczMC1lY2FhLTExZTYtOGY4OC0zNDM2M2JjN2M0YzAiOnsiY3JlYXRlIjoxODAwMDAwMDAwMDAwLCJkZWxldGUiOjE4MDAwMDAwMDAwMDAsInJlYWQiOjMwMDAwMDAwMDAwMCwidXBkYXRlIjoxODAwMDAwMDAwMDAwfX0=",
          "dependencies": [
            "azurerm_network_security_group.vmweb",
            "azurerm_resource_group.vmweb"
          ]
        }
      ]
    },
    {
      "mode": "managed",
      "type": "azurerm_public_ip",
      "name": "vmweb",
      "provider": "provider[\"registry.terraform.io/hashicorp/azurerm\"]",
      "instances": [
        {
          "schema_version": 0,
          "attributes": {
            "allocation_method": "Static",
            "ddos_protection_mode": "VirtualNetworkInherited",
            "ddos_protection_plan_id": null,
            "domain_name_label": "djdgsk",
            "edge_zone": "",
            "fqdn": "djdgsk.southeastasia.cloudapp.azure.com",
            "id": "/subscriptions/fae55954-9781-45c3-bef9-cab565149f12/resourceGroups/vmweb-rg/providers/Microsoft.Network/publicIPAddresses/vmweb-public-ip",
            "idle_timeout_in_minutes": 4,
            "ip_address": "20.205.210.54",
            "ip_tags": {},
            "ip_version": "IPv4",
            "location": "southeastasia",
            "name": "vmweb-public-ip",
            "public_ip_prefix_id": null,
            "resource_group_name": "vmweb-rg",
            "reverse_fqdn": "",
            "sku": "Standard",
            "sku_tier": "Regional",
            "tags": {
              "environment": "dev"
            },
            "timeouts": null,
            "zones": []
          },
          "sensitive_attributes": [],
          "private": "eyJlMmJmYjczMC1lY2FhLTExZTYtOGY4OC0zNDM2M2JjN2M0YzAiOnsiY3JlYXRlIjoxODAwMDAwMDAwMDAwLCJkZWxldGUiOjE4MDAwMDAwMDAwMDAsInJlYWQiOjMwMDAwMDAwMDAwMCwidXBkYXRlIjoxODAwMDAwMDAwMDAwfX0=",
          "dependencies": [
            "azurerm_resource_group.vmweb",
            "random_string.fqdn"
          ]
        }
      ]
    },
    {
      "mode": "managed",
      "type": "azurerm_resource_group",
      "name": "vmweb",
      "provider": "provider[\"registry.terraform.io/hashicorp/azurerm\"]",
      "instances": [
        {
          "schema_version": 0,
          "attributes": {
            "id": "/subscriptions/fae55954-9781-45c3-bef9-cab565149f12/resourceGroups/vmweb-rg",
            "location": "southeastasia",
            "managed_by": "",
            "name": "vmweb-rg",
            "tags": {
              "environment": "dev"
            },
            "timeouts": null
          },
          "sensitive_attributes": [],
          "private": "eyJlMmJmYjczMC1lY2FhLTExZTYtOGY4OC0zNDM2M2JjN2M0YzAiOnsiY3JlYXRlIjo1NDAwMDAwMDAwMDAwLCJkZWxldGUiOjU0MDAwMDAwMDAwMDAsInJlYWQiOjMwMDAwMDAwMDAwMCwidXBkYXRlIjo1NDAwMDAwMDAwMDAwfX0="
        }
      ]
    },
    {
      "mode": "managed",
      "type": "azurerm_subnet",
      "name": "vmweb",
      "provider": "provider[\"registry.terraform.io/hashicorp/azurerm\"]",
      "instances": [
        {
          "schema_version": 0,
          "attributes": {
            "address_prefixes": [
              "10.0.2.0/24"
            ],
            "delegation": [],
            "enforce_private_link_endpoint_network_policies": false,
            "enforce_private_link_service_network_policies": false,
            "id": "/subscriptions/fae55954-9781-45c3-bef9-cab565149f12/resourceGroups/vmweb-rg/providers/Microsoft.Network/virtualNetworks/vmweb-vnet/subnets/vmweb-subnet",
            "name": "vmweb-subnet",
            "private_endpoint_network_policies_enabled": true,
            "private_link_service_network_policies_enabled": true,
            "resource_group_name": "vmweb-rg",
            "service_endpoint_policy_ids": [],
            "service_endpoints": [],
            "timeouts": null,
            "virtual_network_name": "vmweb-vnet"
          },
          "sensitive_attributes": [],
          "private": "eyJlMmJmYjczMC1lY2FhLTExZTYtOGY4OC0zNDM2M2JjN2M0YzAiOnsiY3JlYXRlIjoxODAwMDAwMDAwMDAwLCJkZWxldGUiOjE4MDAwMDAwMDAwMDAsInJlYWQiOjMwMDAwMDAwMDAwMCwidXBkYXRlIjoxODAwMDAwMDAwMDAwfX0=",
          "dependencies": [
            "azurerm_resource_group.vmweb",
            "azurerm_virtual_network.vmweb"
          ]
        }
      ]
    },
    {
      "mode": "managed",
      "type": "azurerm_subnet_network_security_group_association",
      "name": "nsgassociate",
      "provider": "provider[\"registry.terraform.io/hashicorp/azurerm\"]",
      "instances": [
        {
          "schema_version": 0,
          "attributes": {
            "id": "/subscriptions/fae55954-9781-45c3-bef9-cab565149f12/resourceGroups/vmweb-rg/providers/Microsoft.Network/virtualNetworks/vmweb-vnet/subnets/vmweb-subnet",
            "network_security_group_id": "/subscriptions/fae55954-9781-45c3-bef9-cab565149f12/resourceGroups/vmweb-rg/providers/Microsoft.Network/networkSecurityGroups/vmweb-nsg",
            "subnet_id": "/subscriptions/fae55954-9781-45c3-bef9-cab565149f12/resourceGroups/vmweb-rg/providers/Microsoft.Network/virtualNetworks/vmweb-vnet/subnets/vmweb-subnet",
            "timeouts": null
          },
          "sensitive_attributes": [],
          "private": "eyJlMmJmYjczMC1lY2FhLTExZTYtOGY4OC0zNDM2M2JjN2M0YzAiOnsiY3JlYXRlIjoxODAwMDAwMDAwMDAwLCJkZWxldGUiOjE4MDAwMDAwMDAwMDAsInJlYWQiOjMwMDAwMDAwMDAwMCwidXBkYXRlIjoxODAwMDAwMDAwMDAwfX0=",
          "dependencies": [
            "azurerm_network_security_group.vmweb",
            "azurerm_resource_group.vmweb",
            "azurerm_subnet.vmweb",
            "azurerm_virtual_network.vmweb"
          ]
        }
      ]
    },
    {
      "mode": "managed",
      "type": "azurerm_virtual_machine_scale_set",
      "name": "vmweb",
      "provider": "provider[\"registry.terraform.io/hashicorp/azurerm\"]",
      "instances": [
        {
          "schema_version": 1,
          "attributes": {
            "automatic_os_upgrade": false,
            "boot_diagnostics": [],
            "eviction_policy": "",
            "extension": [],
            "health_probe_id": null,
            "id": "/subscriptions/fae55954-9781-45c3-bef9-cab565149f12/resourceGroups/vmweb-rg/providers/Microsoft.Compute/virtualMachineScaleSets/vmweb-vmss",
            "identity": [],
            "license_type": "",
            "location": "southeastasia",
            "name": "vmweb-vmss",
            "network_profile": [
              {
                "accelerated_networking": false,
                "dns_settings": [
                  {
                    "dns_servers": []
                  }
                ],
                "ip_configuration": [
                  {
                    "application_gateway_backend_address_pool_ids": [],
                    "application_security_group_ids": [],
                    "load_balancer_backend_address_pool_ids": [
                      "/subscriptions/fae55954-9781-45c3-bef9-cab565149f12/resourceGroups/vmweb-rg/providers/Microsoft.Network/loadBalancers/vmweb-lb/backendAddressPools/web-backend-pool"
                    ],
                    "load_balancer_inbound_nat_rules_ids": [],
                    "name": "IPConfiguration",
                    "primary": true,
                    "public_ip_address_configuration": [],
                    "subnet_id": "/subscriptions/fae55954-9781-45c3-bef9-cab565149f12/resourceGroups/vmweb-rg/providers/Microsoft.Network/virtualNetworks/vmweb-vnet/subnets/vmweb-subnet"
                  }
                ],
                "ip_forwarding": false,
                "name": "terraformnetworkprofile",
                "network_security_group_id": "",
                "primary": true
              }
            ],
            "os_profile": [
              {
                "admin_password": "Pkha@332",
                "admin_username": "azureuser",
                "computer_name_prefix": "vmlab",
                "custom_data": "I2Nsb3VkLWNvbmZpZwpwYWNrYWdlczoKICAtIG5naW54Cg=="
              }
            ],
            "os_profile_linux_config": [
              {
                "disable_password_authentication": false,
                "ssh_keys": []
              }
            ],
            "os_profile_secrets": [],
            "os_profile_windows_config": [],
            "overprovision": true,
            "plan": [],
            "priority": "",
            "proximity_placement_group_id": null,
            "resource_group_name": "vmweb-rg",
            "rolling_upgrade_policy": [],
            "single_placement_group": true,
            "sku": [
              {
                "capacity": 1,
                "name": "Standard_DS1_v2",
                "tier": "Standard"
              }
            ],
            "storage_profile_data_disk": [
              {
                "caching": "ReadWrite",
                "create_option": "Empty",
                "disk_size_gb": 10,
                "lun": 0,
                "managed_disk_type": "Standard_LRS"
              }
            ],
            "storage_profile_image_reference": [
              {
                "id": "",
                "offer": "UbuntuServer",
                "publisher": "Canonical",
                "sku": "16.04-LTS",
                "version": "latest"
              }
            ],
            "storage_profile_os_disk": [
              {
                "caching": "ReadWrite",
                "create_option": "FromImage",
                "image": "",
                "managed_disk_type": "Standard_LRS",
                "name": "",
                "os_type": "Linux",
                "vhd_containers": []
              }
            ],
            "tags": {
              "environment": "dev"
            },
            "timeouts": null,
            "upgrade_policy_mode": "Manual",
            "zones": []
          },
          "sensitive_attributes": [],
          "private": "eyJlMmJmYjczMC1lY2FhLTExZTYtOGY4OC0zNDM2M2JjN2M0YzAiOnsiY3JlYXRlIjozNjAwMDAwMDAwMDAwLCJkZWxldGUiOjM2MDAwMDAwMDAwMDAsInJlYWQiOjMwMDAwMDAwMDAwMCwidXBkYXRlIjozNjAwMDAwMDAwMDAwfSwic2NoZW1hX3ZlcnNpb24iOiIxIn0=",
          "dependencies": [
            "azurerm_lb.vmweb",
            "azurerm_lb_backend_address_pool.bpepool",
            "azurerm_public_ip.vmweb",
            "azurerm_resource_group.vmweb",
            "azurerm_subnet.vmweb",
            "azurerm_virtual_network.vmweb",
            "random_string.fqdn"
          ]
        }
      ]
    },
    {
      "mode": "managed",
      "type": "azurerm_virtual_network",
      "name": "vmweb",
      "provider": "provider[\"registry.terraform.io/hashicorp/azurerm\"]",
      "instances": [
        {
          "schema_version": 0,
          "attributes": {
            "address_space": [
              "10.0.0.0/16"
            ],
            "bgp_community": "",
            "ddos_protection_plan": [],
            "dns_servers": [],
            "edge_zone": "",
            "encryption": [],
            "flow_timeout_in_minutes": 0,
            "guid": "4861b7d2-e1e2-4a69-9e79-bc82047adc0e",
            "id": "/subscriptions/fae55954-9781-45c3-bef9-cab565149f12/resourceGroups/vmweb-rg/providers/Microsoft.Network/virtualNetworks/vmweb-vnet",
            "location": "southeastasia",
            "name": "vmweb-vnet",
            "resource_group_name": "vmweb-rg",
            "subnet": [
              {
                "address_prefix": "10.0.2.0/24",
                "id": "/subscriptions/fae55954-9781-45c3-bef9-cab565149f12/resourceGroups/vmweb-rg/providers/Microsoft.Network/virtualNetworks/vmweb-vnet/subnets/vmweb-subnet",
                "name": "vmweb-subnet",
                "security_group": "/subscriptions/fae55954-9781-45c3-bef9-cab565149f12/resourceGroups/vmweb-rg/providers/Microsoft.Network/networkSecurityGroups/vmweb-nsg"
              }
            ],
            "tags": {
              "environment": "dev"
            },
            "timeouts": null
          },
          "sensitive_attributes": [],
          "private": "eyJlMmJmYjczMC1lY2FhLTExZTYtOGY4OC0zNDM2M2JjN2M0YzAiOnsiY3JlYXRlIjoxODAwMDAwMDAwMDAwLCJkZWxldGUiOjE4MDAwMDAwMDAwMDAsInJlYWQiOjMwMDAwMDAwMDAwMCwidXBkYXRlIjoxODAwMDAwMDAwMDAwfX0=",
          "dependencies": [
            "azurerm_resource_group.vmweb"
          ]
        }
      ]
    },
    {
      "mode": "managed",
      "type": "random_string",
      "name": "fqdn",
      "provider": "provider[\"registry.terraform.io/hashicorp/random\"]",
      "instances": [
        {
          "schema_version": 2,
          "attributes": {
            "id": "djdgsk",
            "keepers": null,
            "length": 6,
            "lower": true,
            "min_lower": 0,
            "min_numeric": 0,
            "min_special": 0,
            "min_upper": 0,
            "number": false,
            "numeric": false,
            "override_special": null,
            "result": "djdgsk",
            "special": false,
            "upper": false
          },
          "sensitive_attributes": []
        }
      ]
    }
  ],
  "check_results": null
}
